
Microsoft Visual Studio Solution File, Format Version 12.00
# Visual Studio Version 16
VisualStudioVersion = 16.0.29728.190
MinimumVisualStudioVersion = 10.0.40219.1
Project("{FAE04EC0-301F-11D3-BF4B-00C04F79EFBC}") = "MultiPalletLoadingProblemCalculate", "MultiPalletLoadingProblemCalculate\MultiPalletLoadingProblemCalculate.csproj", "{23AF4F2A-EA71-4693-907F-38D9CE3DFBA3}"
EndProject
Global
	GlobalSection(SolutionConfigurationPlatforms) = preSolution
		Debug|Any CPU = Debug|Any CPU
		Release|Any CPU = Release|Any CPU
	EndGlobalSection
	GlobalSection(ProjectConfigurationPlatforms) = postSolution
		{23AF4F2A-EA71-4693-907F-38D9CE3DFBA3}.Debug|Any CPU.ActiveCfg = Debug|Any CPU
		{23AF4F2A-EA71-4693-907F-38D9CE3DFBA3}.Debug|Any CPU.Build.0 = Debug|Any CPU
		{23AF4F2A-EA71-4693-907F-38D9CE3DFBA3}.Release|Any CPU.ActiveCfg = Release|Any CPU
		{23AF4F2A-EA71-4693-907F-38D9CE3DFBA3}.Release|Any CPU.Build.0 = Release|Any CPU
	EndGlobalSection
	GlobalSection(SolutionProperties) = preSolution
		HideSolutionNode = FALSE
	EndGlobalSection
	GlobalSection(ExtensibilityGlobals) = postSolution
		SolutionGuid = {CCED1A60-8C65-4EC9-BAD2-8A598A62991F}
	EndGlobalSection
EndGlobal
